
Microsoft Visual Studio Solution File, Format Version 12.00
Project("{FAE04EC0-301F-11D3-BF4B-00C04F79EFBC}") = "p4g64.persistentBgm", "p4g64.persistentBgm\p4g64.persistentBgm.csproj", "{598944F1-DA08-4402-85BD-E048B4FDA37A}"
EndProject
Global
	GlobalSection(SolutionConfigurationPlatforms) = preSolution
		Debug|Any CPU = Debug|Any CPU
		Release|Any CPU = Release|Any CPU
	EndGlobalSection
	GlobalSection(ProjectConfigurationPlatforms) = postSolution
		{598944F1-DA08-4402-85BD-E048B4FDA37A}.Debug|Any CPU.ActiveCfg = Debug|Any CPU
		{598944F1-DA08-4402-85BD-E048B4FDA37A}.Debug|Any CPU.Build.0 = Debug|Any CPU
		{598944F1-DA08-4402-85BD-E048B4FDA37A}.Release|Any CPU.ActiveCfg = Release|Any CPU
		{598944F1-DA08-4402-85BD-E048B4FDA37A}.Release|Any CPU.Build.0 = Release|Any CPU
	EndGlobalSection
EndGlobal
